
Microsoft Visual Studio Solution File, Format Version 12.00
# Visual Studio Version 18
VisualStudioVersion = 18.3.11512.155
MinimumVisualStudioVersion = 10.0.40219.1
Project("{FAE04EC0-301F-11D3-BF4B-00C04F79EFBC}") = "CustomStringLibrary", "Ignat\CustomStringLibrary.csproj", "{8E407E30-CD42-4DF0-83B9-7E47443FF59B}"
EndProject
Global
	GlobalSection(SolutionConfigurationPlatforms) = preSolution
		Debug|Any CPU = Debug|Any CPU
		Release|Any CPU = Release|Any CPU
	EndGlobalSection
	GlobalSection(ProjectConfigurationPlatforms) = postSolution
		{8E407E30-CD42-4DF0-83B9-7E47443FF59B}.Debug|Any CPU.ActiveCfg = Debug|Any CPU
		{8E407E30-CD42-4DF0-83B9-7E47443FF59B}.Debug|Any CPU.Build.0 = Debug|Any CPU
		{8E407E30-CD42-4DF0-83B9-7E47443FF59B}.Release|Any CPU.ActiveCfg = Release|Any CPU
		{8E407E30-CD42-4DF0-83B9-7E47443FF59B}.Release|Any CPU.Build.0 = Release|Any CPU
	EndGlobalSection
	GlobalSection(SolutionProperties) = preSolution
		HideSolutionNode = FALSE
	EndGlobalSection
	GlobalSection(ExtensibilityGlobals) = postSolution
		SolutionGuid = {B7A51A8E-43F3-4D7F-89AE-BC7D63C963E5}
	EndGlobalSection
EndGlobal
